{
    "hash": "e2fa13266a92d7e402c0d3912e4c9a0e",
    "packages": [
        {
            "name": "processus/spl",
            "version": "dev-master",
            "source": {
                "type": "git",
                "url": "git@github.com:Crowdpark/processus-spl.git",
                "reference": "72392d81a896355725a0522fa0edabf3fa55bce2"
            },
            "dist": {
                "type": "zip",
                "url": "https://github.com/Crowdpark/processus-spl/archive/72392d81a896355725a0522fa0edabf3fa55bce2.zip",
                "reference": "72392d81a896355725a0522fa0edabf3fa55bce2",
                "shasum": ""
            },
            "require": {
                "php": ">=5.3.3"
            },
            "time": "1352813470",
            "type": "library",
            "installation-source": "source",
            "autoload": {
                "psr-0": {
                    "Processus\\": "src"
                }
            },
            "license": [
                "MIT"
            ],
            "authors": [
                {
                    "name": "Francis Varga",
                    "email": "fv@crowdpark.com",
                    "homepage": "http://www.crowdpark.com",
                    "role": "Developer"
                }
            ],
            "description": "Standard lib for all Processus modules",
            "homepage": "http://github.com/Crowdpark/processus-spl",
            "keywords": [
                "library",
                "standard",
                "library"
            ],
            "support": {
                "issues": "https://github.com/Crowdpark/processus-spl/issues",
                "source": "https://github.com/Crowdpark/processus-spl/tree/master"
            }
        },
        {
            "name": "symfony/config",
            "version": "2.1.x-dev",
            "target-dir": "Symfony/Component/Config",
            "source": {
                "type": "git",
                "url": "https://github.com/symfony/Config",
                "reference": "f12982ffa9843be853c9b61fd5a7896f00aa5fd7"
            },
            "dist": {
                "type": "zip",
                "url": "https://github.com/symfony/Config/archive/f12982ffa9843be853c9b61fd5a7896f00aa5fd7.zip",
                "reference": "f12982ffa9843be853c9b61fd5a7896f00aa5fd7",
                "shasum": ""
            },
            "require": {
                "php": ">=5.3.3"
            },
            "time": "1352368308",
            "type": "library",
            "extra": {
                "branch-alias": {
                    "dev-master": "2.1-dev"
                }
            },
            "installation-source": "source",
            "autoload": {
                "psr-0": {
                    "Symfony\\Component\\Config": ""
                }
            },
            "license": [
                "MIT"
            ],
            "authors": [
                {
                    "name": "Fabien Potencier",
                    "email": "fabien@symfony.com"
                },
                {
                    "name": "Symfony Community",
                    "homepage": "http://symfony.com/contributors"
                }
            ],
            "description": "Symfony Config Component",
            "homepage": "http://symfony.com"
        },
        {
            "name": "symfony/console",
            "version": "2.1.x-dev",
            "target-dir": "Symfony/Component/Console",
            "source": {
                "type": "git",
                "url": "https://github.com/symfony/Console",
                "reference": "528b030bd94d74b06735c9da9fd9495db0567800"
            },
            "dist": {
                "type": "zip",
                "url": "https://github.com/symfony/Console/archive/528b030bd94d74b06735c9da9fd9495db0567800.zip",
                "reference": "528b030bd94d74b06735c9da9fd9495db0567800",
                "shasum": ""
            },
            "require": {
                "php": ">=5.3.3"
            },
            "time": "1352451171",
            "type": "library",
            "extra": {
                "branch-alias": {
                    "dev-master": "2.1-dev"
                }
            },
            "installation-source": "source",
            "autoload": {
                "psr-0": {
                    "Symfony\\Component\\Console": ""
                }
            },
            "license": [
                "MIT"
            ],
            "authors": [
                {
                    "name": "Fabien Potencier",
                    "email": "fabien@symfony.com"
                },
                {
                    "name": "Symfony Community",
                    "homepage": "http://symfony.com/contributors"
                }
            ],
            "description": "Symfony Console Component",
            "homepage": "http://symfony.com"
        }
    ],
    "packages-dev": null,
    "aliases": [

    ],
    "minimum-stability": "dev",
    "stability-flags": {
        "processus/spl": 20
    }
}
